
Microsoft Visual Studio Solution File, Format Version 12.00
# Visual Studio 14
VisualStudioVersion = 14.0.25420.1
MinimumVisualStudioVersion = 10.0.40219.1
Project("{FAE04EC0-301F-11D3-BF4B-00C04F79EFBC}") = "MovieDemo", "MovieDemo\MovieDemo.csproj", "{0F7C58AE-F583-4D73-99CE-605D9A0DD2B0}"
EndProject
Project("{FAE04EC0-301F-11D3-BF4B-00C04F79EFBC}") = "MovieDroid", "MovieDroid\MovieDroid.csproj", "{CEFF251E-C104-4B22-B226-A999422F3CF4}"
EndProject
Project("{FAE04EC0-301F-11D3-BF4B-00C04F79EFBC}") = "MovieIOS", "MovieIOS\MovieIOS.csproj", "{299AAD5A-0E58-4205-9A6E-D8FF4624CAA1}"
EndProject
Project("{FAE04EC0-301F-11D3-BF4B-00C04F79EFBC}") = "MovieDroidTest", "MovieDroidTest\MovieDroidTest.csproj", "{AC82A7E5-B787-4F05-8D9A-513CFD122E52}"
EndProject
Global
	GlobalSection(SolutionConfigurationPlatforms) = preSolution
		Ad-Hoc|Any CPU = Ad-Hoc|Any CPU
		Ad-Hoc|iPhone = Ad-Hoc|iPhone
		Ad-Hoc|iPhoneSimulator = Ad-Hoc|iPhoneSimulator
		AppStore|Any CPU = AppStore|Any CPU
		AppStore|iPhone = AppStore|iPhone
		AppStore|iPhoneSimulator = AppStore|iPhoneSimulator
		Debug|Any CPU = Debug|Any CPU
		Debug|iPhone = Debug|iPhone
		Debug|iPhoneSimulator = Debug|iPhoneSimulator
		Release|Any CPU = Release|Any CPU
		Release|iPhone = Release|iPhone
		Release|iPhoneSimulator = Release|iPhoneSimulator
	EndGlobalSection
	GlobalSection(ProjectConfigurationPlatforms) = postSolution
		{0F7C58AE-F583-4D73-99CE-605D9A0DD2B0}.Ad-Hoc|Any CPU.ActiveCfg = Release|Any CPU
		{0F7C58AE-F583-4D73-99CE-605D9A0DD2B0}.Ad-Hoc|Any CPU.Build.0 = Release|Any CPU
		{0F7C58AE-F583-4D73-99CE-605D9A0DD2B0}.Ad-Hoc|iPhone.ActiveCfg = Release|Any CPU
		{0F7C58AE-F583-4D73-99CE-605D9A0DD2B0}.Ad-Hoc|iPhone.Build.0 = Release|Any CPU
		{0F7C58AE-F583-4D73-99CE-605D9A0DD2B0}.Ad-Hoc|iPhoneSimulator.ActiveCfg = Release|Any CPU
		{0F7C58AE-F583-4D73-99CE-605D9A0DD2B0}.Ad-Hoc|iPhoneSimulator.Build.0 = Release|Any CPU
		{0F7C58AE-F583-4D73-99CE-605D9A0DD2B0}.AppStore|Any CPU.ActiveCfg = Release|Any CPU
		{0F7C58AE-F583-4D73-99CE-605D9A0DD2B0}.AppStore|Any CPU.Build.0 = Release|Any CPU
		{0F7C58AE-F583-4D73-99CE-605D9A0DD2B0}.AppStore|iPhone.ActiveCfg = Release|Any CPU
		{0F7C58AE-F583-4D73-99CE-605D9A0DD2B0}.AppStore|iPhone.Build.0 = Release|Any CPU
		{0F7C58AE-F583-4D73-99CE-605D9A0DD2B0}.AppStore|iPhoneSimulator.ActiveCfg = Release|Any CPU
		{0F7C58AE-F583-4D73-99CE-605D9A0DD2B0}.AppStore|iPhoneSimulator.Build.0 = Release|Any CPU
		{0F7C58AE-F583-4D73-99CE-605D9A0DD2B0}.Debug|Any CPU.ActiveCfg = Debug|Any CPU
		{0F7C58AE-F583-4D73-99CE-605D9A0DD2B0}.Debug|Any CPU.Build.0 = Debug|Any CPU
		{0F7C58AE-F583-4D73-99CE-605D9A0DD2B0}.Debug|iPhone.ActiveCfg = Debug|Any CPU
		{0F7C58AE-F583-4D73-99CE-605D9A0DD2B0}.Debug|iPhone.Build.0 = Debug|Any CPU
		{0F7C58AE-F583-4D73-99CE-605D9A0DD2B0}.Debug|iPhoneSimulator.ActiveCfg = Debug|Any CPU
		{0F7C58AE-F583-4D73-99CE-605D9A0DD2B0}.Debug|iPhoneSimulator.Build.0 = Debug|Any CPU
		{0F7C58AE-F583-4D73-99CE-605D9A0DD2B0}.Release|Any CPU.ActiveCfg = Release|Any CPU
		{0F7C58AE-F583-4D73-99CE-605D9A0DD2B0}.Release|Any CPU.Build.0 = Release|Any CPU
		{0F7C58AE-F583-4D73-99CE-605D9A0DD2B0}.Release|iPhone.ActiveCfg = Release|Any CPU
		{0F7C58AE-F583-4D73-99CE-605D9A0DD2B0}.Release|iPhone.Build.0 = Release|Any CPU
		{0F7C58AE-F583-4D73-99CE-605D9A0DD2B0}.Release|iPhoneSimulator.ActiveCfg = Release|Any CPU
		{0F7C58AE-F583-4D73-99CE-605D9A0DD2B0}.Release|iPhoneSimulator.Build.0 = Release|Any CPU
		{CEFF251E-C104-4B22-B226-A999422F3CF4}.Ad-Hoc|Any CPU.ActiveCfg = Release|Any CPU
		{CEFF251E-C104-4B22-B226-A999422F3CF4}.Ad-Hoc|Any CPU.Build.0 = Release|Any CPU
		{CEFF251E-C104-4B22-B226-A999422F3CF4}.Ad-Hoc|Any CPU.Deploy.0 = Release|Any CPU
		{CEFF251E-C104-4B22-B226-A999422F3CF4}.Ad-Hoc|iPhone.ActiveCfg = Release|Any CPU
		{CEFF251E-C104-4B22-B226-A999422F3CF4}.Ad-Hoc|iPhone.Build.0 = Release|Any CPU
		{CEFF251E-C104-4B22-B226-A999422F3CF4}.Ad-Hoc|iPhone.Deploy.0 = Release|Any CPU
		{CEFF251E-C104-4B22-B226-A999422F3CF4}.Ad-Hoc|iPhoneSimulator.ActiveCfg = Release|Any CPU
		{CEFF251E-C104-4B22-B226-A999422F3CF4}.Ad-Hoc|iPhoneSimulator.Build.0 = Release|Any CPU
		{CEFF251E-C104-4B22-B226-A999422F3CF4}.Ad-Hoc|iPhoneSimulator.Deploy.0 = Release|Any CPU
		{CEFF251E-C104-4B22-B226-A999422F3CF4}.AppStore|Any CPU.ActiveCfg = Release|Any CPU
		{CEFF251E-C104-4B22-B226-A999422F3CF4}.AppStore|Any CPU.Build.0 = Release|Any CPU
		{CEFF251E-C104-4B22-B226-A999422F3CF4}.AppStore|Any CPU.Deploy.0 = Release|Any CPU
		{CEFF251E-C104-4B22-B226-A999422F3CF4}.AppStore|iPhone.ActiveCfg = Release|Any CPU
		{CEFF251E-C104-4B22-B226-A999422F3CF4}.AppStore|iPhone.Build.0 = Release|Any CPU
		{CEFF251E-C104-4B22-B226-A999422F3CF4}.AppStore|iPhone.Deploy.0 = Release|Any CPU
		{CEFF251E-C104-4B22-B226-A999422F3CF4}.AppStore|iPhoneSimulator.ActiveCfg = Release|Any CPU
		{CEFF251E-C104-4B22-B226-A999422F3CF4}.AppStore|iPhoneSimulator.Build.0 = Release|Any CPU
		{CEFF251E-C104-4B22-B226-A999422F3CF4}.AppStore|iPhoneSimulator.Deploy.0 = Release|Any CPU
		{CEFF251E-C104-4B22-B226-A999422F3CF4}.Debug|Any CPU.ActiveCfg = Debug|Any CPU
		{CEFF251E-C104-4B22-B226-A999422F3CF4}.Debug|Any CPU.Build.0 = Debug|Any CPU
		{CEFF251E-C104-4B22-B226-A999422F3CF4}.Debug|Any CPU.Deploy.0 = Debug|Any CPU
		{CEFF251E-C104-4B22-B226-A999422F3CF4}.Debug|iPhone.ActiveCfg = Debug|Any CPU
		{CEFF251E-C104-4B22-B226-A999422F3CF4}.Debug|iPhone.Build.0 = Debug|Any CPU
		{CEFF251E-C104-4B22-B226-A999422F3CF4}.Debug|iPhone.Deploy.0 = Debug|Any CPU
		{CEFF251E-C104-4B22-B226-A999422F3CF4}.Debug|iPhoneSimulator.ActiveCfg = Debug|Any CPU
		{CEFF251E-C104-4B22-B226-A999422F3CF4}.Debug|iPhoneSimulator.Build.0 = Debug|Any CPU
		{CEFF251E-C104-4B22-B226-A999422F3CF4}.Debug|iPhoneSimulator.Deploy.0 = Debug|Any CPU
		{CEFF251E-C104-4B22-B226-A999422F3CF4}.Release|Any CPU.ActiveCfg = Release|Any CPU
		{CEFF251E-C104-4B22-B226-A999422F3CF4}.Release|Any CPU.Build.0 = Release|Any CPU
		{CEFF251E-C104-4B22-B226-A999422F3CF4}.Release|Any CPU.Deploy.0 = Release|Any CPU
		{CEFF251E-C104-4B22-B226-A999422F3CF4}.Release|iPhone.ActiveCfg = Release|Any CPU
		{CEFF251E-C104-4B22-B226-A999422F3CF4}.Release|iPhone.Build.0 = Release|Any CPU
		{CEFF251E-C104-4B22-B226-A999422F3CF4}.Release|iPhone.Deploy.0 = Release|Any CPU
		{CEFF251E-C104-4B22-B226-A999422F3CF4}.Release|iPhoneSimulator.ActiveCfg = Release|Any CPU
		{CEFF251E-C104-4B22-B226-A999422F3CF4}.Release|iPhoneSimulator.Build.0 = Release|Any CPU
		{CEFF251E-C104-4B22-B226-A999422F3CF4}.Release|iPhoneSimulator.Deploy.0 = Release|Any CPU
		{299AAD5A-0E58-4205-9A6E-D8FF4624CAA1}.Ad-Hoc|Any CPU.ActiveCfg = Ad-Hoc|iPhone
		{299AAD5A-0E58-4205-9A6E-D8FF4624CAA1}.Ad-Hoc|iPhone.ActiveCfg = Ad-Hoc|iPhone
		{299AAD5A-0E58-4205-9A6E-D8FF4624CAA1}.Ad-Hoc|iPhone.Build.0 = Ad-Hoc|iPhone
		{299AAD5A-0E58-4205-9A6E-D8FF4624CAA1}.Ad-Hoc|iPhoneSimulator.ActiveCfg = Ad-Hoc|iPhoneSimulator
		{299AAD5A-0E58-4205-9A6E-D8FF4624CAA1}.Ad-Hoc|iPhoneSimulator.Build.0 = Ad-Hoc|iPhoneSimulator
		{299AAD5A-0E58-4205-9A6E-D8FF4624CAA1}.AppStore|Any CPU.ActiveCfg = AppStore|iPhone
		{299AAD5A-0E58-4205-9A6E-D8FF4624CAA1}.AppStore|iPhone.ActiveCfg = AppStore|iPhone
		{299AAD5A-0E58-4205-9A6E-D8FF4624CAA1}.AppStore|iPhone.Build.0 = AppStore|iPhone
		{299AAD5A-0E58-4205-9A6E-D8FF4624CAA1}.AppStore|iPhoneSimulator.ActiveCfg = AppStore|iPhoneSimulator
		{299AAD5A-0E58-4205-9A6E-D8FF4624CAA1}.AppStore|iPhoneSimulator.Build.0 = AppStore|iPhoneSimulator
		{299AAD5A-0E58-4205-9A6E-D8FF4624CAA1}.Debug|Any CPU.ActiveCfg = Debug|iPhone
		{299AAD5A-0E58-4205-9A6E-D8FF4624CAA1}.Debug|iPhone.ActiveCfg = Debug|iPhone
		{299AAD5A-0E58-4205-9A6E-D8FF4624CAA1}.Debug|iPhone.Build.0 = Debug|iPhone
		{299AAD5A-0E58-4205-9A6E-D8FF4624CAA1}.Debug|iPhoneSimulator.ActiveCfg = Debug|iPhoneSimulator
		{299AAD5A-0E58-4205-9A6E-D8FF4624CAA1}.Debug|iPhoneSimulator.Build.0 = Debug|iPhoneSimulator
		{299AAD5A-0E58-4205-9A6E-D8FF4624CAA1}.Release|Any CPU.ActiveCfg = Release|iPhone
		{299AAD5A-0E58-4205-9A6E-D8FF4624CAA1}.Release|iPhone.ActiveCfg = Release|iPhone
		{299AAD5A-0E58-4205-9A6E-D8FF4624CAA1}.Release|iPhone.Build.0 = Release|iPhone
		{299AAD5A-0E58-4205-9A6E-D8FF4624CAA1}.Release|iPhoneSimulator.ActiveCfg = Release|iPhoneSimulator
		{299AAD5A-0E58-4205-9A6E-D8FF4624CAA1}.Release|iPhoneSimulator.Build.0 = Release|iPhoneSimulator
		{AC82A7E5-B787-4F05-8D9A-513CFD122E52}.Ad-Hoc|Any CPU.ActiveCfg = Release|Any CPU
		{AC82A7E5-B787-4F05-8D9A-513CFD122E52}.Ad-Hoc|Any CPU.Build.0 = Release|Any CPU
		{AC82A7E5-B787-4F05-8D9A-513CFD122E52}.Ad-Hoc|iPhone.ActiveCfg = Release|Any CPU
		{AC82A7E5-B787-4F05-8D9A-513CFD122E52}.Ad-Hoc|iPhone.Build.0 = Release|Any CPU
		{AC82A7E5-B787-4F05-8D9A-513CFD122E52}.Ad-Hoc|iPhoneSimulator.ActiveCfg = Release|Any CPU
		{AC82A7E5-B787-4F05-8D9A-513CFD122E52}.Ad-Hoc|iPhoneSimulator.Build.0 = Release|Any CPU
		{AC82A7E5-B787-4F05-8D9A-513CFD122E52}.AppStore|Any CPU.ActiveCfg = Release|Any CPU
		{AC82A7E5-B787-4F05-8D9A-513CFD122E52}.AppStore|Any CPU.Build.0 = Release|Any CPU
		{AC82A7E5-B787-4F05-8D9A-513CFD122E52}.AppStore|iPhone.ActiveCfg = Release|Any CPU
		{AC82A7E5-B787-4F05-8D9A-513CFD122E52}.AppStore|iPhone.Build.0 = Release|Any CPU
		{AC82A7E5-B787-4F05-8D9A-513CFD122E52}.AppStore|iPhoneSimulator.ActiveCfg = Release|Any CPU
		{AC82A7E5-B787-4F05-8D9A-513CFD122E52}.AppStore|iPhoneSimulator.Build.0 = Release|Any CPU
		{AC82A7E5-B787-4F05-8D9A-513CFD122E52}.Debug|Any CPU.ActiveCfg = Debug|Any CPU
		{AC82A7E5-B787-4F05-8D9A-513CFD122E52}.Debug|Any CPU.Build.0 = Debug|Any CPU
		{AC82A7E5-B787-4F05-8D9A-513CFD122E52}.Debug|iPhone.ActiveCfg = Debug|Any CPU
		{AC82A7E5-B787-4F05-8D9A-513CFD122E52}.Debug|iPhone.Build.0 = Debug|Any CPU
		{AC82A7E5-B787-4F05-8D9A-513CFD122E52}.Debug|iPhoneSimulator.ActiveCfg = Debug|Any CPU
		{AC82A7E5-B787-4F05-8D9A-513CFD122E52}.Debug|iPhoneSimulator.Build.0 = Debug|Any CPU
		{AC82A7E5-B787-4F05-8D9A-513CFD122E52}.Release|Any CPU.ActiveCfg = Release|Any CPU
		{AC82A7E5-B787-4F05-8D9A-513CFD122E52}.Release|Any CPU.Build.0 = Release|Any CPU
		{AC82A7E5-B787-4F05-8D9A-513CFD122E52}.Release|iPhone.ActiveCfg = Release|Any CPU
		{AC82A7E5-B787-4F05-8D9A-513CFD122E52}.Release|iPhone.Build.0 = Release|Any CPU
		{AC82A7E5-B787-4F05-8D9A-513CFD122E52}.Release|iPhoneSimulator.ActiveCfg = Release|Any CPU
		{AC82A7E5-B787-4F05-8D9A-513CFD122E52}.Release|iPhoneSimulator.Build.0 = Release|Any CPU
	EndGlobalSection
	GlobalSection(SolutionProperties) = preSolution
		HideSolutionNode = FALSE
	EndGlobalSection
EndGlobal
